schema: '2.0'
stages:
  data_ingestion:
    cmd: python src/data_ingestion.py
    deps:
    - path: src/data_ingestion.py
      hash: md5
      md5: 9cdc83482f6e06598a0ce1f6c32a92a3
      size: 3680
    params:
      params.yaml:
        data_ingestion.test_size: 0.18
    outs:
    - path: data/raw
      hash: md5
      md5: d0a9681b7bd8db70400dddf432cf1268.dir
      size: 484846
      nfiles: 2
  data_preprocessing:
    cmd: python src/data_preprocessing.py
    deps:
    - path: data/raw
      hash: md5
      md5: d0a9681b7bd8db70400dddf432cf1268.dir
      size: 484846
      nfiles: 2
    - path: src/data_preprocessing.py
      hash: md5
      md5: c69c6be4161ad3c004230981ca943373
      size: 3978
    outs:
    - path: data/preprocessed
      hash: md5
      md5: 7dd40f237d49214004bc190ef9d7616c.dir
      size: 259757
      nfiles: 2
  feature_engineering:
    cmd: python src/feature_engineering.py
    deps:
    - path: data/preprocessed
      hash: md5
      md5: 7dd40f237d49214004bc190ef9d7616c.dir
      size: 259757
      nfiles: 2
    - path: src/feature_engineering.py
      hash: md5
      md5: 73465e0b954143d4696b06c5b4596ad3
      size: 3812
    params:
      params.yaml:
        feature_engineering.max_features: 34
    outs:
    - path: data/feature_eng
      hash: md5
      md5: e65535604ae575842b85b1d4370a7583.dir
      size: 811083
      nfiles: 2
  model_building:
    cmd: python src/model_building.py
    deps:
    - path: data/feature_eng
      hash: md5
      md5: e65535604ae575842b85b1d4370a7583.dir
      size: 811083
      nfiles: 2
    - path: src/model_building.py
      hash: md5
      md5: 39c37b534272b8f5dbde858fad628f5c
      size: 4455
    params:
      params.yaml:
        model_building.n_estimators: 17
        model_building.random_state: 2
    outs:
    - path: models/model.pkl
      hash: md5
      md5: 02bcb82e5e2f72345ce4671fb507d0b3
      size: 819566
  model_evaluation:
    cmd: python src/model_evaluation.py
    deps:
    - path: models/model.pkl
      hash: md5
      md5: 02bcb82e5e2f72345ce4671fb507d0b3
      size: 819566
    - path: src/model_evaluation.py
      hash: md5
      md5: 4f3f211674a78ad8e30372c0b8814336
      size: 4895
    outs:
    - path: reports/metrics.json
      hash: md5
      md5: c1d5cbf74953261900ed7a44b98ca249
      size: 145
